
Microsoft Visual Studio Solution File, Format Version 12.00
# Visual Studio 2015
Project("{FAE04EC0-301F-11D3-BF4B-00C04F79EFBC}") = "Fight_Club", "Fight_Club.csproj", "{3028BC60-3B59-3FF4-92F3-58BAF8918ED4}"
EndProject
Global
	GlobalSection(SolutionConfigurationPlatforms) = preSolution
		Debug|Any CPU = Debug|Any CPU
		Release|Any CPU = Release|Any CPU
	EndGlobalSection
	GlobalSection(ProjectConfigurationPlatforms) = postSolution
		{3028BC60-3B59-3FF4-92F3-58BAF8918ED4}.Debug|Any CPU.ActiveCfg = Debug|Any CPU
		{3028BC60-3B59-3FF4-92F3-58BAF8918ED4}.Debug|Any CPU.Build.0 = Debug|Any CPU
		{3028BC60-3B59-3FF4-92F3-58BAF8918ED4}.Release|Any CPU.ActiveCfg = Release|Any CPU
		{3028BC60-3B59-3FF4-92F3-58BAF8918ED4}.Release|Any CPU.Build.0 = Release|Any CPU
	EndGlobalSection
	GlobalSection(SolutionProperties) = preSolution
		HideSolutionNode = FALSE
	EndGlobalSection
EndGlobal
